<?xml version="1.0" encoding="utf-8"?>
<Project ToolsVersion="4.0" xmlns="http://schemas.microsoft.com/developer/msbuild/2003">
  <ItemGroup>
    <Filter Include="Исходные файлы">
      <UniqueIdentifier>{4FC737F1-C7A5-4376-A066-2A32D752A2FF}</UniqueIdentifier>
      <Extensions>cpp;c;cc;cxx;c++;cppm;ixx;def;odl;idl;hpj;bat;asm;asmx</Extensions>
    </Filter>
    <Filter Include="Файлы ресурсов">
      <UniqueIdentifier>{67DA6AB6-F800-4c08-8B7A-83BB121AAD01}</UniqueIdentifier>
      <Extensions>rc;ico;cur;bmp;dlg;rc2;rct;bin;rgs;gif;jpg;jpeg;jpe;resx;tiff;tif;png;wav;mfcribbon-ms</Extensions>
    </Filter>
    <Filter Include="Файлы заголовков">
      <UniqueIdentifier>{93995380-89BD-4b04-88EB-625FBE52EBFB}</UniqueIdentifier>
      <Extensions>h;hh;hpp;hxx;h++;hm;inl;inc;ipp;xsd</Extensions>
    </Filter>
    <Filter Include="Файлы заголовков\Engine">
      <UniqueIdentifier>{2dc2305d-e85c-46c6-b7d5-9cf1abd6a676}</UniqueIdentifier>
    </Filter>
    <Filter Include="Исходные файлы\Engine">
      <UniqueIdentifier>{8a779da1-762b-4a9a-acaa-3d7307028dfb}</UniqueIdentifier>
    </Filter>
    <Filter Include="Файлы заголовков\GameObject">
      <UniqueIdentifier>{cd203e93-0323-45ac-a624-98910d41a0ac}</UniqueIdentifier>
    </Filter>
    <Filter Include="Файлы заголовков\Renderer">
      <UniqueIdentifier>{68be38df-4cf6-445e-85cb-0bc8e46a1452}</UniqueIdentifier>
    </Filter>
    <Filter Include="Файлы заголовков\Renderer\Vulkan">
      <UniqueIdentifier>{f51d028e-f887-4e8d-a2d6-49ebbe251a65}</UniqueIdentifier>
    </Filter>
    <Filter Include="Исходные файлы\Renderer">
      <UniqueIdentifier>{fbf653b8-7b6e-4fa8-86db-affe62a56a26}</UniqueIdentifier>
    </Filter>
    <Filter Include="Исходные файлы\Renderer\Vulkan">
      <UniqueIdentifier>{657bf5ec-8c8f-4e76-9fef-74c30edae5d1}</UniqueIdentifier>
    </Filter>
    <Filter Include="Файлы заголовков\Renderer\Vulkan\StructCreators">
      <UniqueIdentifier>{cbe7234f-cbea-45fe-9fbe-0aefd711220a}</UniqueIdentifier>
    </Filter>
    <Filter Include="Исходные файлы\Renderer\Vulkan\StructCreators">
      <UniqueIdentifier>{2e50aed5-f99c-4f04-a4bc-135cc6d79b40}</UniqueIdentifier>
    </Filter>
    <Filter Include="Исходные файлы\Renderer\Gltf">
      <UniqueIdentifier>{d70109ea-7a1c-4aec-b2b4-26d9bbb49bcf}</UniqueIdentifier>
    </Filter>
    <Filter Include="Файлы заголовков\Renderer\Gltf">
      <UniqueIdentifier>{c2a6cec6-2cc2-4c14-8b28-156c33d19902}</UniqueIdentifier>
    </Filter>
    <Filter Include="Файлы заголовков\Renderer\Vulkan\Util">
      <UniqueIdentifier>{0e5c4d8b-1f1a-4bd5-9f24-47a02eeb1cce}</UniqueIdentifier>
    </Filter>
    <Filter Include="Исходные файлы\Renderer\Vulkan\Util">
      <UniqueIdentifier>{cec1aeaa-7b36-4989-a7c8-08e7cd2914f6}</UniqueIdentifier>
    </Filter>
    <Filter Include="Файлы заголовков\Math">
      <UniqueIdentifier>{06a1e90e-c7de-4221-963b-479a7d90d49c}</UniqueIdentifier>
    </Filter>
    <Filter Include="Исходные файлы\Math">
      <UniqueIdentifier>{c510f327-5bc5-4ffc-a222-071fdab55a4e}</UniqueIdentifier>
    </Filter>
    <Filter Include="Исходные файлы\Renderer\Vulkan\Pipelines">
      <UniqueIdentifier>{ebb7d655-b9e9-40bd-b939-8677b02157ef}</UniqueIdentifier>
    </Filter>
    <Filter Include="Файлы заголовков\Renderer\Vulkan\Pipelines">
      <UniqueIdentifier>{1830af27-1891-4a3b-9a88-42c43d421a79}</UniqueIdentifier>
    </Filter>
    <Filter Include="Файлы заголовков\Components">
      <UniqueIdentifier>{efc8f599-a2ff-494a-9c95-6931339e2fe0}</UniqueIdentifier>
    </Filter>
    <Filter Include="Исходные файлы\GameObject">
      <UniqueIdentifier>{7a203c41-3dd7-4f0d-be48-a40029606d0b}</UniqueIdentifier>
    </Filter>
    <Filter Include="Исходные файлы\Components">
      <UniqueIdentifier>{bda5c277-1bbf-421d-adaa-df3ae613d759}</UniqueIdentifier>
    </Filter>
    <Filter Include="Исходные файлы\Shaders">
      <UniqueIdentifier>{d6351bf3-02df-4c0f-bb78-1d24fbd725d9}</UniqueIdentifier>
    </Filter>
    <Filter Include="Файлы заголовков\Events">
      <UniqueIdentifier>{d17f2aad-bfac-4ebc-b975-68f9c10cb44c}</UniqueIdentifier>
    </Filter>
    <Filter Include="Исходные файлы\Events">
      <UniqueIdentifier>{3179cd7e-390e-4e72-b2d3-d732dd2dcb69}</UniqueIdentifier>
    </Filter>
  </ItemGroup>
  <ItemGroup>
    <ClCompile Include="GEN\src\GEN.cpp">
      <Filter>Исходные файлы</Filter>
    </ClCompile>
    <ClCompile Include="GEN\src\Engine\Engine.cpp">
      <Filter>Исходные файлы\Engine</Filter>
    </ClCompile>
    <ClCompile Include="GEN\src\Renderer\Vulkan\Vulkan.cpp">
      <Filter>Исходные файлы\Renderer\Vulkan</Filter>
    </ClCompile>
    <ClCompile Include="GEN\src\Renderer\Vulkan\StructCreators\VkBootstrapStructs.cpp">
      <Filter>Исходные файлы\Renderer\Vulkan\StructCreators</Filter>
    </ClCompile>
    <ClCompile Include="GEN\src\Renderer\Vulkan\StructCreators\VMAStructs.cpp">
      <Filter>Исходные файлы\Renderer\Vulkan\StructCreators</Filter>
    </ClCompile>
    <ClCompile Include="GEN\src\Renderer\Vulkan\StructCreators\Vk13SubmitStructs.cpp">
      <Filter>Исходные файлы\Renderer\Vulkan\StructCreators</Filter>
    </ClCompile>
    <ClCompile Include="GEN\src\Renderer\Vulkan\StructCreators\VkCommandStructs.cpp">
      <Filter>Исходные файлы\Renderer\Vulkan\StructCreators</Filter>
    </ClCompile>
    <ClCompile Include="GEN\src\Renderer\Vulkan\Swapchain.cpp">
      <Filter>Исходные файлы\Renderer\Vulkan</Filter>
    </ClCompile>
    <ClCompile Include="GEN\src\Renderer\Vulkan\ImageManager.cpp">
      <Filter>Исходные файлы\Renderer\Vulkan</Filter>
    </ClCompile>
    <ClCompile Include="GEN\src\Renderer\Vulkan\MeshManager.cpp">
      <Filter>Исходные файлы\Renderer\Vulkan</Filter>
    </ClCompile>
    <ClCompile Include="GEN\src\Renderer\Vulkan\VolkImplementation.cpp">
      <Filter>Исходные файлы\Renderer\Vulkan</Filter>
    </ClCompile>
    <ClCompile Include="GEN\src\Renderer\Vulkan\VmaUsage.cpp">
      <Filter>Исходные файлы\Renderer\Vulkan</Filter>
    </ClCompile>
    <ClCompile Include="GEN\src\Renderer\Vulkan\MaterialManager.cpp">
      <Filter>Исходные файлы\Renderer\Vulkan</Filter>
    </ClCompile>
    <ClCompile Include="GEN\src\Renderer\Vulkan\BindlessManager.cpp">
      <Filter>Исходные файлы\Renderer\Vulkan</Filter>
    </ClCompile>
    <ClCompile Include="GEN\src\Renderer\Vulkan\StructCreators\VkImageSubresourceRange.cpp">
      <Filter>Исходные файлы\Renderer\Vulkan\StructCreators</Filter>
    </ClCompile>
    <ClCompile Include="GEN\src\Renderer\Vulkan\Util\MipMapGenerator.cpp">
      <Filter>Исходные файлы\Renderer\Vulkan\Util</Filter>
    </ClCompile>
    <ClCompile Include="GEN\src\Renderer\Vulkan\Util\PipelineImageTransition.cpp">
      <Filter>Исходные файлы\Renderer\Vulkan\Util</Filter>
    </ClCompile>
    <ClCompile Include="GEN\src\Renderer\Vulkan\Util\STBImageLoader.cpp">
      <Filter>Исходные файлы\Renderer\Vulkan\Util</Filter>
    </ClCompile>
    <ClCompile Include="GEN\src\Math\Transform.cpp">
      <Filter>Исходные файлы\Math</Filter>
    </ClCompile>
    <ClCompile Include="GEN\src\Renderer\Gltf\GLTFLight.cpp">
      <Filter>Исходные файлы\Renderer\Gltf</Filter>
    </ClCompile>
    <ClCompile Include="GEN\src\Renderer\Gltf\SceneLoader.cpp">
      <Filter>Исходные файлы\Renderer\Gltf</Filter>
    </ClCompile>
    <ClCompile Include="GEN\src\Renderer\Gltf\SceneManager.cpp">
      <Filter>Исходные файлы\Renderer\Gltf</Filter>
    </ClCompile>
    <ClCompile Include="GEN\src\Renderer\Vulkan\PreallocatedMemory.cpp">
      <Filter>Исходные файлы\Renderer\Vulkan</Filter>
    </ClCompile>
    <ClCompile Include="GEN\src\Renderer\Camera.cpp">
      <Filter>Исходные файлы\Renderer</Filter>
    </ClCompile>
    <ClCompile Include="GEN\src\Renderer\Vulkan\VulkanRenderer.cpp">
      <Filter>Исходные файлы\Renderer\Vulkan</Filter>
    </ClCompile>
    <ClCompile Include="GEN\src\Renderer\Vulkan\Pipelines\MeshPipeline.cpp">
      <Filter>Исходные файлы\Renderer\Vulkan\Pipelines</Filter>
    </ClCompile>
    <ClCompile Include="GEN\src\Renderer\Vulkan\Pipelines\Pipeline.cpp">
      <Filter>Исходные файлы\Renderer\Vulkan\Pipelines</Filter>
    </ClCompile>
    <ClCompile Include="GEN\src\Renderer\Vulkan\Util\ShaderModuleLoader.cpp">
      <Filter>Исходные файлы\Renderer\Vulkan\Util</Filter>
    </ClCompile>
    <ClCompile Include="GEN\src\Renderer\Vulkan\Pipelines\SkyboxPipeline.cpp">
      <Filter>Исходные файлы\Renderer\Vulkan\Pipelines</Filter>
    </ClCompile>
    <ClCompile Include="GEN\src\Renderer\Vulkan\StructCreators\VkRendering13.cpp">
      <Filter>Исходные файлы\Renderer\Vulkan\StructCreators</Filter>
    </ClCompile>
    <ClCompile Include="GEN\src\Renderer\Vulkan\Pipelines\DepthResolvePipeline.cpp">
      <Filter>Исходные файлы\Renderer\Vulkan\Pipelines</Filter>
    </ClCompile>
    <ClCompile Include="GEN\src\Renderer\Vulkan\Pipelines\PostFXPipeline.cpp">
      <Filter>Исходные файлы\Renderer\Vulkan\Pipelines</Filter>
    </ClCompile>
    <ClCompile Include="GEN\src\Engine\SceneSystem.cpp">
      <Filter>Исходные файлы\Engine</Filter>
    </ClCompile>
    <ClCompile Include="GEN\src\GameObject\RenderableGameObject.cpp">
      <Filter>Исходные файлы\GameObject</Filter>
    </ClCompile>
    <ClCompile Include="GEN\src\Components\RenderComponent.cpp">
      <Filter>Исходные файлы\Components</Filter>
    </ClCompile>
    <ClCompile Include="GEN\src\Renderer\RenderSystem.cpp">
      <Filter>Исходные файлы\Renderer</Filter>
    </ClCompile>
    <ClCompile Include="GEN\src\Renderer\Vulkan\Util\ImageSaver.cpp">
      <Filter>Исходные файлы\Renderer\Vulkan\Util</Filter>
    </ClCompile>
    <ClCompile Include="GEN\src\Renderer\Vulkan\Util\CubemapLoader.cpp">
      <Filter>Исходные файлы\Renderer\Vulkan\Util</Filter>
    </ClCompile>
    <ClCompile Include="GEN\src\Renderer\Vulkan\Util\DebugLabels.cpp">
      <Filter>Исходные файлы\Renderer\Vulkan\Util</Filter>
    </ClCompile>
    <ClCompile Include="GEN\src\Renderer\CameraSystem.cpp">
      <Filter>Исходные файлы\Renderer</Filter>
    </ClCompile>
    <ClCompile Include="GEN\src\Engine\InputSystem.cpp">
      <Filter>Исходные файлы\Engine</Filter>
    </ClCompile>
  </ItemGroup>
  <ItemGroup>
    <ClInclude Include="GEN\include\Engine\Engine.h">
      <Filter>Файлы заголовков\Engine</Filter>
    </ClInclude>
    <ClInclude Include="GEN\include\GameObject\GameObject.h">
      <Filter>Файлы заголовков\GameObject</Filter>
    </ClInclude>
    <ClInclude Include="GEN\include\Engine\EngineTypes.h">
      <Filter>Файлы заголовков\Engine</Filter>
    </ClInclude>
    <ClInclude Include="GEN\include\Engine\EngineEvents.h">
      <Filter>Файлы заголовков\Engine</Filter>
    </ClInclude>
    <ClInclude Include="GEN\include\Renderer\RenderSystem.h">
      <Filter>Файлы заголовков\Renderer</Filter>
    </ClInclude>
    <ClInclude Include="GEN\include\Renderer\Vulkan\Vulkan.h">
      <Filter>Файлы заголовков\Renderer\Vulkan</Filter>
    </ClInclude>
    <ClInclude Include="GEN\include\Renderer\Vulkan\StructCreators\VkBootstrapStructs.h">
      <Filter>Файлы заголовков\Renderer\Vulkan\StructCreators</Filter>
    </ClInclude>
    <ClInclude Include="GEN\include\Renderer\Vulkan\StructCreators\VMAStructs.h">
      <Filter>Файлы заголовков\Renderer\Vulkan\StructCreators</Filter>
    </ClInclude>
    <ClInclude Include="GEN\include\Renderer\Vulkan\StructCreators\Vk13SubmitStructs.h">
      <Filter>Файлы заголовков\Renderer\Vulkan\StructCreators</Filter>
    </ClInclude>
    <ClInclude Include="GEN\include\Renderer\Vulkan\StructCreators\VkCommandStructs.h">
      <Filter>Файлы заголовков\Renderer\Vulkan\StructCreators</Filter>
    </ClInclude>
    <ClInclude Include="GEN\include\Renderer\Vulkan\Swapchain.h">
      <Filter>Файлы заголовков\Renderer\Vulkan</Filter>
    </ClInclude>
    <ClInclude Include="GEN\include\Renderer\Vulkan\ImageManager.h">
      <Filter>Файлы заголовков\Renderer\Vulkan</Filter>
    </ClInclude>
    <ClInclude Include="GEN\include\Renderer\Vulkan\Mesh.h">
      <Filter>Файлы заголовков\Renderer\Vulkan</Filter>
    </ClInclude>
    <ClInclude Include="GEN\include\Renderer\Vulkan\Buffer.h">
      <Filter>Файлы заголовков\Renderer\Vulkan</Filter>
    </ClInclude>
    <ClInclude Include="GEN\include\Renderer\Vulkan\Material.h">
      <Filter>Файлы заголовков\Renderer\Vulkan</Filter>
    </ClInclude>
    <ClInclude Include="GEN\include\Renderer\Vulkan\MeshManager.h">
      <Filter>Файлы заголовков\Renderer\Vulkan</Filter>
    </ClInclude>
    <ClInclude Include="GEN\include\Renderer\Vulkan\MaterialManager.h">
      <Filter>Файлы заголовков\Renderer\Vulkan</Filter>
    </ClInclude>
    <ClInclude Include="GEN\include\Renderer\RenderTypes.h">
      <Filter>Файлы заголовков\Renderer</Filter>
    </ClInclude>
    <ClInclude Include="GEN\include\Renderer\Vulkan\Image.h">
      <Filter>Файлы заголовков\Renderer\Vulkan</Filter>
    </ClInclude>
    <ClInclude Include="GEN\include\Renderer\Vulkan\BindlessManager.h">
      <Filter>Файлы заголовков\Renderer\Vulkan</Filter>
    </ClInclude>
    <ClInclude Include="GEN\include\Renderer\Vulkan\StructCreators\VkImageSubresourceRange.h">
      <Filter>Файлы заголовков\Renderer\Vulkan\StructCreators</Filter>
    </ClInclude>
    <ClInclude Include="GEN\include\Renderer\Vulkan\Util\MipMapGenerator.h">
      <Filter>Файлы заголовков\Renderer\Vulkan\Util</Filter>
    </ClInclude>
    <ClInclude Include="GEN\include\Renderer\Vulkan\Util\PipelineImageTransition.h">
      <Filter>Файлы заголовков\Renderer\Vulkan\Util</Filter>
    </ClInclude>
    <ClInclude Include="GEN\include\Renderer\Vulkan\Util\STBImageLoader.h">
      <Filter>Файлы заголовков\Renderer\Vulkan\Util</Filter>
    </ClInclude>
    <ClInclude Include="GEN\include\Renderer\Gltf\GLTFScene.h">
      <Filter>Файлы заголовков\Renderer\Gltf</Filter>
    </ClInclude>
    <ClInclude Include="GEN\include\Math\Transform.h">
      <Filter>Файлы заголовков\Math</Filter>
    </ClInclude>
    <ClInclude Include="GEN\include\Math\CoordinateSystem.h">
      <Filter>Файлы заголовков\Math</Filter>
    </ClInclude>
    <ClInclude Include="GEN\include\Renderer\Gltf\GLTFLight.h">
      <Filter>Файлы заголовков\Renderer\Gltf</Filter>
    </ClInclude>
    <ClInclude Include="GEN\include\Renderer\Gltf\SceneLoader.h">
      <Filter>Файлы заголовков\Renderer\Gltf</Filter>
    </ClInclude>
    <ClInclude Include="GEN\include\Renderer\Gltf\SceneManager.h">
      <Filter>Файлы заголовков\Renderer\Gltf</Filter>
    </ClInclude>
    <ClInclude Include="GEN\include\Renderer\Vulkan\PreallocatedBuffer.h">
      <Filter>Файлы заголовков\Renderer\Vulkan</Filter>
    </ClInclude>
    <ClInclude Include="GEN\include\Renderer\Vulkan\VulkanRenderer.h">
      <Filter>Файлы заголовков\Renderer\Vulkan</Filter>
    </ClInclude>
    <ClInclude Include="GEN\include\Renderer\Camera.h">
      <Filter>Файлы заголовков\Renderer</Filter>
    </ClInclude>
    <ClInclude Include="GEN\include\Renderer\Vulkan\GeometryRenderingUnit.h">
      <Filter>Файлы заголовков\Renderer\Vulkan</Filter>
    </ClInclude>
    <ClInclude Include="GEN\include\Renderer\Vulkan\Pipelines\MeshPipeline.h">
      <Filter>Файлы заголовков\Renderer\Vulkan\Pipelines</Filter>
    </ClInclude>
    <ClInclude Include="GEN\include\Renderer\Vulkan\Pipelines\Pipeline.h">
      <Filter>Файлы заголовков\Renderer\Vulkan\Pipelines</Filter>
    </ClInclude>
    <ClInclude Include="GEN\include\Renderer\Vulkan\Util\ShaderModuleLoader.h">
      <Filter>Файлы заголовков\Renderer\Vulkan\Util</Filter>
    </ClInclude>
    <ClInclude Include="GEN\include\Renderer\Vulkan\Pipelines\SkyboxPipeline.h">
      <Filter>Файлы заголовков\Renderer\Vulkan\Pipelines</Filter>
    </ClInclude>
    <ClInclude Include="GEN\include\Renderer\Vulkan\StructCreators\VkRendering13.h">
      <Filter>Файлы заголовков\Renderer\Vulkan\StructCreators</Filter>
    </ClInclude>
    <ClInclude Include="GEN\include\Renderer\Vulkan\Pipelines\DepthResolvePipeline.h">
      <Filter>Файлы заголовков\Renderer\Vulkan\Pipelines</Filter>
    </ClInclude>
    <ClInclude Include="GEN\include\Renderer\Vulkan\Pipelines\PostFXPipeline.h">
      <Filter>Файлы заголовков\Renderer\Vulkan\Pipelines</Filter>
    </ClInclude>
    <ClInclude Include="GEN\include\Components\RenderComponent.h">
      <Filter>Файлы заголовков\Components</Filter>
    </ClInclude>
    <ClInclude Include="GEN\include\Engine\SceneSystem.h">
      <Filter>Файлы заголовков\Engine</Filter>
    </ClInclude>
    <ClInclude Include="GEN\include\GameObject\RenderableGameObject.h">
      <Filter>Файлы заголовков\GameObject</Filter>
    </ClInclude>
    <ClInclude Include="GEN\include\Renderer\Vulkan\VmaUsage.h">
      <Filter>Файлы заголовков\Renderer\Vulkan</Filter>
    </ClInclude>
    <ClInclude Include="GEN\include\Renderer\Vulkan\Util\ImageSaver.h">
      <Filter>Файлы заголовков\Renderer\Vulkan\Util</Filter>
    </ClInclude>
    <ClInclude Include="GEN\include\Renderer\Vulkan\Util\CubemapLoader.h">
      <Filter>Файлы заголовков\Renderer\Vulkan\Util</Filter>
    </ClInclude>
    <ClInclude Include="GEN\include\Renderer\Vulkan\Util\DebugLabels.h">
      <Filter>Файлы заголовков\Renderer\Vulkan\Util</Filter>
    </ClInclude>
    <ClInclude Include="GEN\include\Renderer\CameraSystem.h">
      <Filter>Файлы заголовков\Renderer</Filter>
    </ClInclude>
    <ClInclude Include="GEN\include\Events\MouseMoveEvent.h">
      <Filter>Файлы заголовков\Events</Filter>
    </ClInclude>
    <ClInclude Include="GEN\include\Events\KeyDownEvent.h">
      <Filter>Файлы заголовков\Events</Filter>
    </ClInclude>
    <ClInclude Include="GEN\include\Engine\InputSystem.h">
      <Filter>Файлы заголовков\Engine</Filter>
    </ClInclude>
  </ItemGroup>
</Project>